<?xml version="1.0" encoding="utf-8"?>
<Project ToolsVersion="4.0" xmlns="http://schemas.microsoft.com/developer/msbuild/2003">
  <ItemGroup>
    <Filter Include="Source Files">
      <UniqueIdentifier>{4FC737F1-C7A5-4376-A066-2A32D752A2FF}</UniqueIdentifier>
      <Extensions>cpp;c;cc;cxx;def;odl;idl;hpj;bat;asm;asmx</Extensions>
    </Filter>
    <Filter Include="Header Files">
      <UniqueIdentifier>{93995380-89BD-4b04-88EB-625FBE52EBFB}</UniqueIdentifier>
      <Extensions>h;hh;hpp;hxx;hm;inl;inc;xsd</Extensions>
    </Filter>
    <Filter Include="Resource Files">
      <UniqueIdentifier>{67DA6AB6-F800-4c08-8B7A-83BB121AAD01}</UniqueIdentifier>
      <Extensions>rc;ico;cur;bmp;dlg;rc2;rct;bin;rgs;gif;jpg;jpeg;jpe;resx;tiff;tif;png;wav;mfcribbon-ms</Extensions>
    </Filter>
    <Filter Include="lib">
      <UniqueIdentifier>{f9872b0d-5985-4617-8d14-376487485a4e}</UniqueIdentifier>
    </Filter>
  </ItemGroup>
  <ItemGroup>
    <ClInclude Include="include\Circle.h">
      <Filter>Header Files</Filter>
    </ClInclude>
    <ClInclude Include="include\Ellipse.h">
      <Filter>Header Files</Filter>
    </ClInclude>
    <ClInclude Include="include\Figure.h">
      <Filter>Header Files</Filter>
    </ClInclude>
    <ClInclude Include="include\Fill.h">
      <Filter>Header Files</Filter>
    </ClInclude>
    <ClInclude Include="include\Line.h">
      <Filter>Header Files</Filter>
    </ClInclude>
    <ClInclude Include="include\Point.h">
      <Filter>Header Files</Filter>
    </ClInclude>
    <ClInclude Include="include\Polygon.h">
      <Filter>Header Files</Filter>
    </ClInclude>
    <ClInclude Include="include\Polyline.h">
      <Filter>Header Files</Filter>
    </ClInclude>
    <ClInclude Include="include\Rectagle.h">
      <Filter>Header Files</Filter>
    </ClInclude>
    <ClInclude Include="include\RGB.h">
      <Filter>Header Files</Filter>
    </ClInclude>
    <ClInclude Include="include\Stroke.h">
      <Filter>Header Files</Filter>
    </ClInclude>
    <ClInclude Include="include\SVG3.h">
      <Filter>Header Files</Filter>
    </ClInclude>
    <ClInclude Include="include\Test.h">
      <Filter>Header Files</Filter>
    </ClInclude>
    <ClInclude Include="include\Transformer.h">
      <Filter>Header Files</Filter>
    </ClInclude>
    <ClInclude Include="lib\CImg\CImg.h">
      <Filter>lib</Filter>
    </ClInclude>
    <ClInclude Include="include\stdafx.h">
      <Filter>Header Files</Filter>
    </ClInclude>
    <ClInclude Include="resources\Resource.h">
      <Filter>Resource Files</Filter>
    </ClInclude>
    <ClInclude Include="resources\targetver.h">
      <Filter>Resource Files</Filter>
    </ClInclude>
    <ClInclude Include="include\Attribute.h">
      <Filter>Header Files</Filter>
    </ClInclude>
    <ClInclude Include="include\General.h">
      <Filter>Header Files</Filter>
    </ClInclude>
    <ClInclude Include="include\Group.h">
      <Filter>Header Files</Filter>
    </ClInclude>
    <ClInclude Include="include\ListFigure.h">
      <Filter>Header Files</Filter>
    </ClInclude>
    <ClInclude Include="include\Path.h">
      <Filter>Header Files</Filter>
    </ClInclude>
    <ClInclude Include="include\Text.h">
      <Filter>Header Files</Filter>
    </ClInclude>
  </ItemGroup>
  <ItemGroup>
    <ClCompile Include="src\Circle.cpp">
      <Filter>Source Files</Filter>
    </ClCompile>
    <ClCompile Include="src\Ellipse.cpp">
      <Filter>Source Files</Filter>
    </ClCompile>
    <ClCompile Include="src\Figure.cpp">
      <Filter>Source Files</Filter>
    </ClCompile>
    <ClCompile Include="src\Fill.cpp">
      <Filter>Source Files</Filter>
    </ClCompile>
    <ClCompile Include="src\Line.cpp">
      <Filter>Source Files</Filter>
    </ClCompile>
    <ClCompile Include="src\Point.cpp">
      <Filter>Source Files</Filter>
    </ClCompile>
    <ClCompile Include="src\Polygon.cpp">
      <Filter>Source Files</Filter>
    </ClCompile>
    <ClCompile Include="src\Polyline.cpp">
      <Filter>Source Files</Filter>
    </ClCompile>
    <ClCompile Include="src\Rectangle.cpp">
      <Filter>Source Files</Filter>
    </ClCompile>
    <ClCompile Include="src\RGB.cpp">
      <Filter>Source Files</Filter>
    </ClCompile>
    <ClCompile Include="src\Stroke.cpp">
      <Filter>Source Files</Filter>
    </ClCompile>
    <ClCompile Include="src\Test.cpp">
      <Filter>Source Files</Filter>
    </ClCompile>
    <ClCompile Include="src\Transformer.cpp">
      <Filter>Source Files</Filter>
    </ClCompile>
    <ClCompile Include="src\main.cpp">
      <Filter>Source Files</Filter>
    </ClCompile>
    <ClCompile Include="src\stdafx.cpp">
      <Filter>Source Files</Filter>
    </ClCompile>
    <ClCompile Include="src\Attribute.cpp">
      <Filter>Source Files</Filter>
    </ClCompile>
    <ClCompile Include="src\General.cpp">
      <Filter>Source Files</Filter>
    </ClCompile>
    <ClCompile Include="src\Group.cpp">
      <Filter>Source Files</Filter>
    </ClCompile>
    <ClCompile Include="src\ListFigure.cpp">
      <Filter>Source Files</Filter>
    </ClCompile>
    <ClCompile Include="src\Path.cpp">
      <Filter>Source Files</Filter>
    </ClCompile>
    <ClCompile Include="src\Text.cpp">
      <Filter>Source Files</Filter>
    </ClCompile>
    <ClCompile Include="src\ToXML.cpp">
      <Filter>Source Files</Filter>
    </ClCompile>
  </ItemGroup>
  <ItemGroup>
    <Text Include="lib\CImg\Licence_CeCILL_V2-en.txt">
      <Filter>lib</Filter>
    </Text>
    <Text Include="lib\CImg\Licence_CeCILL-C_V1-en.txt">
      <Filter>lib</Filter>
    </Text>
    <Text Include="lib\CImg\README.txt">
      <Filter>lib</Filter>
    </Text>
  </ItemGroup>
  <ItemGroup>
    <Image Include="resources\small.ico">
      <Filter>Resource Files</Filter>
    </Image>
    <Image Include="resources\SVG3.ico">
      <Filter>Resource Files</Filter>
    </Image>
  </ItemGroup>
  <ItemGroup>
    <ResourceCompile Include="resources\SVG3.rc">
      <Filter>Resource Files</Filter>
    </ResourceCompile>
  </ItemGroup>
</Project>